
Microsoft Visual Studio Solution File, Format Version 12.00
# Visual Studio 2013
VisualStudioVersion = 12.0.21005.1
MinimumVisualStudioVersion = 10.0.40219.1
Project("{FAE04EC0-301F-11D3-BF4B-00C04F79EFBC}") = "WebApplication2", "WebApplication2\WebApplication2.csproj", "{3E99B702-043B-40FB-BA7D-707025EEF18F}"
EndProject
Project("{FAE04EC0-301F-11D3-BF4B-00C04F79EFBC}") = "WebApplicationWithDataBase", "WebApplicationWithDataBase\WebApplicationWithDataBase.csproj", "{051C9060-B92D-4C9D-A607-3CFBC7417627}"
EndProject
Project("{FAE04EC0-301F-11D3-BF4B-00C04F79EFBC}") = "ProductModel", "ProductModel\ProductModel.csproj", "{A0EABA33-3955-42DD-B11D-0EC88A77A949}"
EndProject
Global
	GlobalSection(SolutionConfigurationPlatforms) = preSolution
		Debug|Any CPU = Debug|Any CPU
		Release|Any CPU = Release|Any CPU
	EndGlobalSection
	GlobalSection(ProjectConfigurationPlatforms) = postSolution
		{3E99B702-043B-40FB-BA7D-707025EEF18F}.Debug|Any CPU.ActiveCfg = Debug|Any CPU
		{3E99B702-043B-40FB-BA7D-707025EEF18F}.Debug|Any CPU.Build.0 = Debug|Any CPU
		{3E99B702-043B-40FB-BA7D-707025EEF18F}.Release|Any CPU.ActiveCfg = Release|Any CPU
		{3E99B702-043B-40FB-BA7D-707025EEF18F}.Release|Any CPU.Build.0 = Release|Any CPU
		{051C9060-B92D-4C9D-A607-3CFBC7417627}.Debug|Any CPU.ActiveCfg = Debug|Any CPU
		{051C9060-B92D-4C9D-A607-3CFBC7417627}.Debug|Any CPU.Build.0 = Debug|Any CPU
		{051C9060-B92D-4C9D-A607-3CFBC7417627}.Release|Any CPU.ActiveCfg = Release|Any CPU
		{051C9060-B92D-4C9D-A607-3CFBC7417627}.Release|Any CPU.Build.0 = Release|Any CPU
		{A0EABA33-3955-42DD-B11D-0EC88A77A949}.Debug|Any CPU.ActiveCfg = Debug|Any CPU
		{A0EABA33-3955-42DD-B11D-0EC88A77A949}.Debug|Any CPU.Build.0 = Debug|Any CPU
		{A0EABA33-3955-42DD-B11D-0EC88A77A949}.Release|Any CPU.ActiveCfg = Release|Any CPU
		{A0EABA33-3955-42DD-B11D-0EC88A77A949}.Release|Any CPU.Build.0 = Release|Any CPU
	EndGlobalSection
	GlobalSection(SolutionProperties) = preSolution
		HideSolutionNode = FALSE
	EndGlobalSection
EndGlobal
